
Microsoft Visual Studio Solution File, Format Version 11.00
# Visual Studio 2010
Project("{FAE04EC0-301F-11D3-BF4B-00C04F79EFBC}") = "PIDashboard", "PIDashboard\PIDashboard.csproj", "{A0C3637C-505C-4255-906B-A1EB05FEDEDC}"
EndProject
Global
	GlobalSection(SolutionConfigurationPlatforms) = preSolution
		Debug|Any CPU = Debug|Any CPU
		Release|Any CPU = Release|Any CPU
	EndGlobalSection
	GlobalSection(ProjectConfigurationPlatforms) = postSolution
		{A0C3637C-505C-4255-906B-A1EB05FEDEDC}.Debug|Any CPU.ActiveCfg = Debug|Any CPU
		{A0C3637C-505C-4255-906B-A1EB05FEDEDC}.Debug|Any CPU.Build.0 = Debug|Any CPU
		{A0C3637C-505C-4255-906B-A1EB05FEDEDC}.Release|Any CPU.ActiveCfg = Release|Any CPU
		{A0C3637C-505C-4255-906B-A1EB05FEDEDC}.Release|Any CPU.Build.0 = Release|Any CPU
	EndGlobalSection
	GlobalSection(SolutionProperties) = preSolution
		HideSolutionNode = FALSE
	EndGlobalSection
EndGlobal
